// !$*UTF8*$!
{
	archiveVersion = 1;
	classes = {
	};
	objectVersion = 50;
	objects = {

/* Begin PBXBuildFile section */
		CD9F4351226FE46B009A1C02 /* AppDelegate.swift in Sources */ = {isa = PBXBuildFile; fileRef = CD9F4350226FE46B009A1C02 /* AppDelegate.swift */; };
		CD9F4353226FE46B009A1C02 /* MovieViewController.swift in Sources */ = {isa = PBXBuildFile; fileRef = CD9F4352226FE46B009A1C02 /* MovieViewController.swift */; };
		CD9F4356226FE46B009A1C02 /* Main.storyboard in Resources */ = {isa = PBXBuildFile; fileRef = CD9F4354226FE46B009A1C02 /* Main.storyboard */; };
		CD9F4359226FE46B009A1C02 /* BTG.xcdatamodeld in Sources */ = {isa = PBXBuildFile; fileRef = CD9F4357226FE46B009A1C02 /* BTG.xcdatamodeld */; };
		CD9F435B226FE46C009A1C02 /* Assets.xcassets in Resources */ = {isa = PBXBuildFile; fileRef = CD9F435A226FE46C009A1C02 /* Assets.xcassets */; };
		CD9F435E226FE46C009A1C02 /* LaunchScreen.storyboard in Resources */ = {isa = PBXBuildFile; fileRef = CD9F435C226FE46C009A1C02 /* LaunchScreen.storyboard */; };
		CD9F4369226FE46C009A1C02 /* BTGTests.swift in Sources */ = {isa = PBXBuildFile; fileRef = CD9F4368226FE46C009A1C02 /* BTGTests.swift */; };
		CD9F4374226FE46C009A1C02 /* BTGUITests.swift in Sources */ = {isa = PBXBuildFile; fileRef = CD9F4373226FE46C009A1C02 /* BTGUITests.swift */; };
		CD9F4382226FEE7F009A1C02 /* FavoritesViewController.swift in Sources */ = {isa = PBXBuildFile; fileRef = CD9F4381226FEE7F009A1C02 /* FavoritesViewController.swift */; };
		CD9F43862270AC6A009A1C02 /* Movie.swift in Sources */ = {isa = PBXBuildFile; fileRef = CD9F43852270AC6A009A1C02 /* Movie.swift */; };
		CD9F43892270ACD7009A1C02 /* DataSource.swift in Sources */ = {isa = PBXBuildFile; fileRef = CD9F43882270ACD7009A1C02 /* DataSource.swift */; };
		CD9F438F2270AE83009A1C02 /* MovieCollectionViewCell.swift in Sources */ = {isa = PBXBuildFile; fileRef = CD9F438D2270AE83009A1C02 /* MovieCollectionViewCell.swift */; };
		CD9F43902270AE83009A1C02 /* MovieCollectionViewCell.xib in Resources */ = {isa = PBXBuildFile; fileRef = CD9F438E2270AE83009A1C02 /* MovieCollectionViewCell.xib */; };
		CD9F43922270B052009A1C02 /* UIImageView+DownloadImage.swift in Sources */ = {isa = PBXBuildFile; fileRef = CD9F43912270B052009A1C02 /* UIImageView+DownloadImage.swift */; };
		CD9F43952270B0FD009A1C02 /* NothingFoundCollectionViewCell.swift in Sources */ = {isa = PBXBuildFile; fileRef = CD9F43932270B0FD009A1C02 /* NothingFoundCollectionViewCell.swift */; };
		CD9F43962270B0FD009A1C02 /* NothingFoundCollectionViewCell.xib in Resources */ = {isa = PBXBuildFile; fileRef = CD9F43942270B0FD009A1C02 /* NothingFoundCollectionViewCell.xib */; };
		CD9F439B2270B474009A1C02 /* LoadingCollectionViewCell.swift in Sources */ = {isa = PBXBuildFile; fileRef = CD9F43992270B474009A1C02 /* LoadingCollectionViewCell.swift */; };
		CD9F439C2270B474009A1C02 /* LoadingCollectionViewCell.xib in Resources */ = {isa = PBXBuildFile; fileRef = CD9F439A2270B474009A1C02 /* LoadingCollectionViewCell.xib */; };
		CD9F439E2270BD54009A1C02 /* MovieDetailViewController.swift in Sources */ = {isa = PBXBuildFile; fileRef = CD9F439D2270BD54009A1C02 /* MovieDetailViewController.swift */; };
/* End PBXBuildFile section */

/* Begin PBXContainerItemProxy section */
		CD9F4365226FE46C009A1C02 /* PBXContainerItemProxy */ = {
			isa = PBXContainerItemProxy;
			containerPortal = CD9F4345226FE46B009A1C02 /* Project object */;
			proxyType = 1;
			remoteGlobalIDString = CD9F434C226FE46B009A1C02;
			remoteInfo = BTG;
		};
		CD9F4370226FE46C009A1C02 /* PBXContainerItemProxy */ = {
			isa = PBXContainerItemProxy;
			containerPortal = CD9F4345226FE46B009A1C02 /* Project object */;
			proxyType = 1;
			remoteGlobalIDString = CD9F434C226FE46B009A1C02;
			remoteInfo = BTG;
		};
/* End PBXContainerItemProxy section */

/* Begin PBXFileReference section */
		CD9F434D226FE46B009A1C02 /* BTG.app */ = {isa = PBXFileReference; explicitFileType = wrapper.application; includeInIndex = 0; path = BTG.app; sourceTree = BUILT_PRODUCTS_DIR; };
		CD9F4350226FE46B009A1C02 /* AppDelegate.swift */ = {isa = PBXFileReference; lastKnownFileType = sourcecode.swift; path = AppDelegate.swift; sourceTree = "<group>"; };
		CD9F4352226FE46B009A1C02 /* MovieViewController.swift */ = {isa = PBXFileReference; lastKnownFileType = sourcecode.swift; path = MovieViewController.swift; sourceTree = "<group>"; };
		CD9F4355226FE46B009A1C02 /* Base */ = {isa = PBXFileReference; lastKnownFileType = file.storyboard; name = Base; path = Base.lproj/Main.storyboard; sourceTree = "<group>"; };
		CD9F4358226FE46B009A1C02 /* BTG.xcdatamodel */ = {isa = PBXFileReference; lastKnownFileType = wrapper.xcdatamodel; path = BTG.xcdatamodel; sourceTree = "<group>"; };
		CD9F435A226FE46C009A1C02 /* Assets.xcassets */ = {isa = PBXFileReference; lastKnownFileType = folder.assetcatalog; path = Assets.xcassets; sourceTree = "<group>"; };
		CD9F435D226FE46C009A1C02 /* Base */ = {isa = PBXFileReference; lastKnownFileType = file.storyboard; name = Base; path = Base.lproj/LaunchScreen.storyboard; sourceTree = "<group>"; };
		CD9F435F226FE46C009A1C02 /* Info.plist */ = {isa = PBXFileReference; lastKnownFileType = text.plist.xml; path = Info.plist; sourceTree = "<group>"; };
		CD9F4364226FE46C009A1C02 /* BTGTests.xctest */ = {isa = PBXFileReference; explicitFileType = wrapper.cfbundle; includeInIndex = 0; path = BTGTests.xctest; sourceTree = BUILT_PRODUCTS_DIR; };
		CD9F4368226FE46C009A1C02 /* BTGTests.swift */ = {isa = PBXFileReference; lastKnownFileType = sourcecode.swift; path = BTGTests.swift; sourceTree = "<group>"; };
		CD9F436A226FE46C009A1C02 /* Info.plist */ = {isa = PBXFileReference; lastKnownFileType = text.plist.xml; path = Info.plist; sourceTree = "<group>"; };
		CD9F436F226FE46C009A1C02 /* BTGUITests.xctest */ = {isa = PBXFileReference; explicitFileType = wrapper.cfbundle; includeInIndex = 0; path = BTGUITests.xctest; sourceTree = BUILT_PRODUCTS_DIR; };
		CD9F4373226FE46C009A1C02 /* BTGUITests.swift */ = {isa = PBXFileReference; lastKnownFileType = sourcecode.swift; path = BTGUITests.swift; sourceTree = "<group>"; };
		CD9F4375226FE46C009A1C02 /* Info.plist */ = {isa = PBXFileReference; lastKnownFileType = text.plist.xml; path = Info.plist; sourceTree = "<group>"; };
		CD9F4381226FEE7F009A1C02 /* FavoritesViewController.swift */ = {isa = PBXFileReference; lastKnownFileType = sourcecode.swift; path = FavoritesViewController.swift; sourceTree = "<group>"; };
		CD9F43852270AC6A009A1C02 /* Movie.swift */ = {isa = PBXFileReference; lastKnownFileType = sourcecode.swift; path = Movie.swift; sourceTree = "<group>"; };
		CD9F43882270ACD7009A1C02 /* DataSource.swift */ = {isa = PBXFileReference; lastKnownFileType = sourcecode.swift; path = DataSource.swift; sourceTree = "<group>"; };
		CD9F438D2270AE83009A1C02 /* MovieCollectionViewCell.swift */ = {isa = PBXFileReference; lastKnownFileType = sourcecode.swift; path = MovieCollectionViewCell.swift; sourceTree = "<group>"; };
		CD9F438E2270AE83009A1C02 /* MovieCollectionViewCell.xib */ = {isa = PBXFileReference; lastKnownFileType = file.xib; path = MovieCollectionViewCell.xib; sourceTree = "<group>"; };
		CD9F43912270B052009A1C02 /* UIImageView+DownloadImage.swift */ = {isa = PBXFileReference; lastKnownFileType = sourcecode.swift; path = "UIImageView+DownloadImage.swift"; sourceTree = "<group>"; };
		CD9F43932270B0FD009A1C02 /* NothingFoundCollectionViewCell.swift */ = {isa = PBXFileReference; lastKnownFileType = sourcecode.swift; path = NothingFoundCollectionViewCell.swift; sourceTree = "<group>"; };
		CD9F43942270B0FD009A1C02 /* NothingFoundCollectionViewCell.xib */ = {isa = PBXFileReference; lastKnownFileType = file.xib; path = NothingFoundCollectionViewCell.xib; sourceTree = "<group>"; };
		CD9F43992270B474009A1C02 /* LoadingCollectionViewCell.swift */ = {isa = PBXFileReference; lastKnownFileType = sourcecode.swift; path = LoadingCollectionViewCell.swift; sourceTree = "<group>"; };
		CD9F439A2270B474009A1C02 /* LoadingCollectionViewCell.xib */ = {isa = PBXFileReference; lastKnownFileType = file.xib; path = LoadingCollectionViewCell.xib; sourceTree = "<group>"; };
		CD9F439D2270BD54009A1C02 /* MovieDetailViewController.swift */ = {isa = PBXFileReference; lastKnownFileType = sourcecode.swift; path = MovieDetailViewController.swift; sourceTree = "<group>"; };
/* End PBXFileReference section */

/* Begin PBXFrameworksBuildPhase section */
		CD9F434A226FE46B009A1C02 /* Frameworks */ = {
			isa = PBXFrameworksBuildPhase;
			buildActionMask = 2147483647;
			files = (
			);
			runOnlyForDeploymentPostprocessing = 0;
		};
		CD9F4361226FE46C009A1C02 /* Frameworks */ = {
			isa = PBXFrameworksBuildPhase;
			buildActionMask = 2147483647;
			files = (
			);
			runOnlyForDeploymentPostprocessing = 0;
		};
		CD9F436C226FE46C009A1C02 /* Frameworks */ = {
			isa = PBXFrameworksBuildPhase;
			buildActionMask = 2147483647;
			files = (
			);
			runOnlyForDeploymentPostprocessing = 0;
		};
/* End PBXFrameworksBuildPhase section */

/* Begin PBXGroup section */
		CD9F4344226FE46B009A1C02 = {
			isa = PBXGroup;
			children = (
				CD9F434F226FE46B009A1C02 /* BTG */,
				CD9F4367226FE46C009A1C02 /* BTGTests */,
				CD9F4372226FE46C009A1C02 /* BTGUITests */,
				CD9F434E226FE46B009A1C02 /* Products */,
			);
			sourceTree = "<group>";
		};
		CD9F434E226FE46B009A1C02 /* Products */ = {
			isa = PBXGroup;
			children = (
				CD9F434D226FE46B009A1C02 /* BTG.app */,
				CD9F4364226FE46C009A1C02 /* BTGTests.xctest */,
				CD9F436F226FE46C009A1C02 /* BTGUITests.xctest */,
			);
			name = Products;
			sourceTree = "<group>";
		};
		CD9F434F226FE46B009A1C02 /* BTG */ = {
			isa = PBXGroup;
			children = (
				CD9F438A2270AD19009A1C02 /* View */,
				CD9F43872270ACC5009A1C02 /* Services */,
				CD9F43842270AC58009A1C02 /* Model */,
				CD9F4383226FEE8D009A1C02 /* View Controller */,
				CD9F4350226FE46B009A1C02 /* AppDelegate.swift */,
				CD9F435A226FE46C009A1C02 /* Assets.xcassets */,
				CD9F435C226FE46C009A1C02 /* LaunchScreen.storyboard */,
				CD9F435F226FE46C009A1C02 /* Info.plist */,
				CD9F4357226FE46B009A1C02 /* BTG.xcdatamodeld */,
			);
			path = BTG;
			sourceTree = "<group>";
		};
		CD9F4367226FE46C009A1C02 /* BTGTests */ = {
			isa = PBXGroup;
			children = (
				CD9F4368226FE46C009A1C02 /* BTGTests.swift */,
				CD9F436A226FE46C009A1C02 /* Info.plist */,
			);
			path = BTGTests;
			sourceTree = "<group>";
		};
		CD9F4372226FE46C009A1C02 /* BTGUITests */ = {
			isa = PBXGroup;
			children = (
				CD9F4373226FE46C009A1C02 /* BTGUITests.swift */,
				CD9F4375226FE46C009A1C02 /* Info.plist */,
			);
			path = BTGUITests;
			sourceTree = "<group>";
		};
		CD9F4383226FEE8D009A1C02 /* View Controller */ = {
			isa = PBXGroup;
			children = (
				CD9F4381226FEE7F009A1C02 /* FavoritesViewController.swift */,
				CD9F4352226FE46B009A1C02 /* MovieViewController.swift */,
				CD9F439D2270BD54009A1C02 /* MovieDetailViewController.swift */,
			);
			path = "View Controller";
			sourceTree = "<group>";
		};
		CD9F43842270AC58009A1C02 /* Model */ = {
			isa = PBXGroup;
			children = (
				CD9F43852270AC6A009A1C02 /* Movie.swift */,
			);
			path = Model;
			sourceTree = "<group>";
		};
		CD9F43872270ACC5009A1C02 /* Services */ = {
			isa = PBXGroup;
			children = (
				CD9F43882270ACD7009A1C02 /* DataSource.swift */,
			);
			path = Services;
			sourceTree = "<group>";
		};
		CD9F438A2270AD19009A1C02 /* View */ = {
			isa = PBXGroup;
			children = (
				CD9F4354226FE46B009A1C02 /* Main.storyboard */,
				CD9F438D2270AE83009A1C02 /* MovieCollectionViewCell.swift */,
				CD9F438E2270AE83009A1C02 /* MovieCollectionViewCell.xib */,
				CD9F43912270B052009A1C02 /* UIImageView+DownloadImage.swift */,
				CD9F43932270B0FD009A1C02 /* NothingFoundCollectionViewCell.swift */,
				CD9F43942270B0FD009A1C02 /* NothingFoundCollectionViewCell.xib */,
				CD9F43992270B474009A1C02 /* LoadingCollectionViewCell.swift */,
				CD9F439A2270B474009A1C02 /* LoadingCollectionViewCell.xib */,
			);
			path = View;
			sourceTree = "<group>";
		};
/* End PBXGroup section */

/* Begin PBXNativeTarget section */
		CD9F434C226FE46B009A1C02 /* BTG */ = {
			isa = PBXNativeTarget;
			buildConfigurationList = CD9F4378226FE46C009A1C02 /* Build configuration list for PBXNativeTarget "BTG" */;
			buildPhases = (
				CD9F4349226FE46B009A1C02 /* Sources */,
				CD9F434A226FE46B009A1C02 /* Frameworks */,
				CD9F434B226FE46B009A1C02 /* Resources */,
			);
			buildRules = (
			);
			dependencies = (
			);
			name = BTG;
			productName = BTG;
			productReference = CD9F434D226FE46B009A1C02 /* BTG.app */;
			productType = "com.apple.product-type.application";
		};
		CD9F4363226FE46C009A1C02 /* BTGTests */ = {
			isa = PBXNativeTarget;
			buildConfigurationList = CD9F437B226FE46C009A1C02 /* Build configuration list for PBXNativeTarget "BTGTests" */;
			buildPhases = (
				CD9F4360226FE46C009A1C02 /* Sources */,
				CD9F4361226FE46C009A1C02 /* Frameworks */,
				CD9F4362226FE46C009A1C02 /* Resources */,
			);
			buildRules = (
			);
			dependencies = (
				CD9F4366226FE46C009A1C02 /* PBXTargetDependency */,
			);
			name = BTGTests;
			productName = BTGTests;
			productReference = CD9F4364226FE46C009A1C02 /* BTGTests.xctest */;
			productType = "com.apple.product-type.bundle.unit-test";
		};
		CD9F436E226FE46C009A1C02 /* BTGUITests */ = {
			isa = PBXNativeTarget;
			buildConfigurationList = CD9F437E226FE46C009A1C02 /* Build configuration list for PBXNativeTarget "BTGUITests" */;
			buildPhases = (
				CD9F436B226FE46C009A1C02 /* Sources */,
				CD9F436C226FE46C009A1C02 /* Frameworks */,
				CD9F436D226FE46C009A1C02 /* Resources */,
			);
			buildRules = (
			);
			dependencies = (
				CD9F4371226FE46C009A1C02 /* PBXTargetDependency */,
			);
			name = BTGUITests;
			productName = BTGUITests;
			productReference = CD9F436F226FE46C009A1C02 /* BTGUITests.xctest */;
			productType = "com.apple.product-type.bundle.ui-testing";
		};
/* End PBXNativeTarget section */

/* Begin PBXProject section */
		CD9F4345226FE46B009A1C02 /* Project object */ = {
			isa = PBXProject;
			attributes = {
				LastSwiftUpdateCheck = 1020;
				LastUpgradeCheck = 1020;
				ORGANIZATIONNAME = Quenca;
				TargetAttributes = {
					CD9F434C226FE46B009A1C02 = {
						CreatedOnToolsVersion = 10.2;
					};
					CD9F4363226FE46C009A1C02 = {
						CreatedOnToolsVersion = 10.2;
						TestTargetID = CD9F434C226FE46B009A1C02;
					};
					CD9F436E226FE46C009A1C02 = {
						CreatedOnToolsVersion = 10.2;
						TestTargetID = CD9F434C226FE46B009A1C02;
					};
				};
			};
			buildConfigurationList = CD9F4348226FE46B009A1C02 /* Build configuration list for PBXProject "BTG" */;
			compatibilityVersion = "Xcode 9.3";
			developmentRegion = en;
			hasScannedForEncodings = 0;
			knownRegions = (
				en,
				Base,
			);
			mainGroup = CD9F4344226FE46B009A1C02;
			productRefGroup = CD9F434E226FE46B009A1C02 /* Products */;
			projectDirPath = "";
			projectRoot = "";
			targets = (
				CD9F434C226FE46B009A1C02 /* BTG */,
				CD9F4363226FE46C009A1C02 /* BTGTests */,
				CD9F436E226FE46C009A1C02 /* BTGUITests */,
			);
		};
/* End PBXProject section */

/* Begin PBXResourcesBuildPhase section */
		CD9F434B226FE46B009A1C02 /* Resources */ = {
			isa = PBXResourcesBuildPhase;
			buildActionMask = 2147483647;
			files = (
				CD9F435E226FE46C009A1C02 /* LaunchScreen.storyboard in Resources */,
				CD9F435B226FE46C009A1C02 /* Assets.xcassets in Resources */,
				CD9F4356226FE46B009A1C02 /* Main.storyboard in Resources */,
				CD9F439C2270B474009A1C02 /* LoadingCollectionViewCell.xib in Resources */,
				CD9F43962270B0FD009A1C02 /* NothingFoundCollectionViewCell.xib in Resources */,
				CD9F43902270AE83009A1C02 /* MovieCollectionViewCell.xib in Resources */,
			);
			runOnlyForDeploymentPostprocessing = 0;
		};
		CD9F4362226FE46C009A1C02 /* Resources */ = {
			isa = PBXResourcesBuildPhase;
			buildActionMask = 2147483647;
			files = (
			);
			runOnlyForDeploymentPostprocessing = 0;
		};
		CD9F436D226FE46C009A1C02 /* Resources */ = {
			isa = PBXResourcesBuildPhase;
			buildActionMask = 2147483647;
			files = (
			);
			runOnlyForDeploymentPostprocessing = 0;
		};
/* End PBXResourcesBuildPhase section */

/* Begin PBXSourcesBuildPhase section */
		CD9F4349226FE46B009A1C02 /* Sources */ = {
			isa = PBXSourcesBuildPhase;
			buildActionMask = 2147483647;
			files = (
				CD9F43892270ACD7009A1C02 /* DataSource.swift in Sources */,
				CD9F4353226FE46B009A1C02 /* MovieViewController.swift in Sources */,
				CD9F4351226FE46B009A1C02 /* AppDelegate.swift in Sources */,
				CD9F439B2270B474009A1C02 /* LoadingCollectionViewCell.swift in Sources */,
				CD9F4382226FEE7F009A1C02 /* FavoritesViewController.swift in Sources */,
				CD9F43922270B052009A1C02 /* UIImageView+DownloadImage.swift in Sources */,
				CD9F438F2270AE83009A1C02 /* MovieCollectionViewCell.swift in Sources */,
				CD9F43952270B0FD009A1C02 /* NothingFoundCollectionViewCell.swift in Sources */,
				CD9F4359226FE46B009A1C02 /* BTG.xcdatamodeld in Sources */,
				CD9F439E2270BD54009A1C02 /* MovieDetailViewController.swift in Sources */,
				CD9F43862270AC6A009A1C02 /* Movie.swift in Sources */,
			);
			runOnlyForDeploymentPostprocessing = 0;
		};
		CD9F4360226FE46C009A1C02 /* Sources */ = {
			isa = PBXSourcesBuildPhase;
			buildActionMask = 2147483647;
			files = (
				CD9F4369226FE46C009A1C02 /* BTGTests.swift in Sources */,
			);
			runOnlyForDeploymentPostprocessing = 0;
		};
		CD9F436B226FE46C009A1C02 /* Sources */ = {
			isa = PBXSourcesBuildPhase;
			buildActionMask = 2147483647;
			files = (
				CD9F4374226FE46C009A1C02 /* BTGUITests.swift in Sources */,
			);
			runOnlyForDeploymentPostprocessing = 0;
		};
/* End PBXSourcesBuildPhase section */

/* Begin PBXTargetDependency section */
		CD9F4366226FE46C009A1C02 /* PBXTargetDependency */ = {
			isa = PBXTargetDependency;
			target = CD9F434C226FE46B009A1C02 /* BTG */;
			targetProxy = CD9F4365226FE46C009A1C02 /* PBXContainerItemProxy */;
		};
		CD9F4371226FE46C009A1C02 /* PBXTargetDependency */ = {
			isa = PBXTargetDependency;
			target = CD9F434C226FE46B009A1C02 /* BTG */;
			targetProxy = CD9F4370226FE46C009A1C02 /* PBXContainerItemProxy */;
		};
/* End PBXTargetDependency section */

/* Begin PBXVariantGroup section */
		CD9F4354226FE46B009A1C02 /* Main.storyboard */ = {
			isa = PBXVariantGroup;
			children = (
				CD9F4355226FE46B009A1C02 /* Base */,
			);
			name = Main.storyboard;
			sourceTree = "<group>";
		};
		CD9F435C226FE46C009A1C02 /* LaunchScreen.storyboard */ = {
			isa = PBXVariantGroup;
			children = (
				CD9F435D226FE46C009A1C02 /* Base */,
			);
			name = LaunchScreen.storyboard;
			sourceTree = "<group>";
		};
/* End PBXVariantGroup section */

/* Begin XCBuildConfiguration section */
		CD9F4376226FE46C009A1C02 /* Debug */ = {
			isa = XCBuildConfiguration;
			buildSettings = {
				ALWAYS_SEARCH_USER_PATHS = NO;
				CLANG_ANALYZER_NONNULL = YES;
				CLANG_ANALYZER_NUMBER_OBJECT_CONVERSION = YES_AGGRESSIVE;
				CLANG_CXX_LANGUAGE_STANDARD = "gnu++14";
				CLANG_CXX_LIBRARY = "libc++";
				CLANG_ENABLE_MODULES = YES;
				CLANG_ENABLE_OBJC_ARC = YES;
				CLANG_ENABLE_OBJC_WEAK = YES;
				CLANG_WARN_BLOCK_CAPTURE_AUTORELEASING = YES;
				CLANG_WARN_BOOL_CONVERSION = YES;
				CLANG_WARN_COMMA = YES;
				CLANG_WARN_CONSTANT_CONVERSION = YES;
				CLANG_WARN_DEPRECATED_OBJC_IMPLEMENTATIONS = YES;
				CLANG_WARN_DIRECT_OBJC_ISA_USAGE = YES_ERROR;
				CLANG_WARN_DOCUMENTATION_COMMENTS = YES;
				CLANG_WARN_EMPTY_BODY = YES;
				CLANG_WARN_ENUM_CONVERSION = YES;
				CLANG_WARN_INFINITE_RECURSION = YES;
				CLANG_WARN_INT_CONVERSION = YES;
				CLANG_WARN_NON_LITERAL_NULL_CONVERSION = YES;
				CLANG_WARN_OBJC_IMPLICIT_RETAIN_SELF = YES;
				CLANG_WARN_OBJC_LITERAL_CONVERSION = YES;
				CLANG_WARN_OBJC_ROOT_CLASS = YES_ERROR;
				CLANG_WARN_RANGE_LOOP_ANALYSIS = YES;
				CLANG_WARN_STRICT_PROTOTYPES = YES;
				CLANG_WARN_SUSPICIOUS_MOVE = YES;
				CLANG_WARN_UNGUARDED_AVAILABILITY = YES_AGGRESSIVE;
				CLANG_WARN_UNREACHABLE_CODE = YES;
				CLANG_WARN__DUPLICATE_METHOD_MATCH = YES;
				CODE_SIGN_IDENTITY = "iPhone Developer";
				COPY_PHASE_STRIP = NO;
				DEBUG_INFORMATION_FORMAT = dwarf;
				ENABLE_STRICT_OBJC_MSGSEND = YES;
				ENABLE_TESTABILITY = YES;
				GCC_C_LANGUAGE_STANDARD = gnu11;
				GCC_DYNAMIC_NO_PIC = NO;
				GCC_NO_COMMON_BLOCKS = YES;
				GCC_OPTIMIZATION_LEVEL = 0;
				GCC_PREPROCESSOR_DEFINITIONS = (
					"DEBUG=1",
					"$(inherited)",
				);
				GCC_WARN_64_TO_32_BIT_CONVERSION = YES;
				GCC_WARN_ABOUT_RETURN_TYPE = YES_ERROR;
				GCC_WARN_UNDECLARED_SELECTOR = YES;
				GCC_WARN_UNINITIALIZED_AUTOS = YES_AGGRESSIVE;
				GCC_WARN_UNUSED_FUNCTION = YES;
				GCC_WARN_UNUSED_VARIABLE = YES;
				IPHONEOS_DEPLOYMENT_TARGET = 12.2;
				MTL_ENABLE_DEBUG_INFO = INCLUDE_SOURCE;
				MTL_FAST_MATH = YES;
				ONLY_ACTIVE_ARCH = YES;
				SDKROOT = iphoneos;
				SWIFT_ACTIVE_COMPILATION_CONDITIONS = DEBUG;
				SWIFT_OPTIMIZATION_LEVEL = "-Onone";
			};
			name = Debug;
		};
		CD9F4377226FE46C009A1C02 /* Release */ = {
			isa = XCBuildConfiguration;
			buildSettings = {
				ALWAYS_SEARCH_USER_PATHS = NO;
				CLANG_ANALYZER_NONNULL = YES;
				CLANG_ANALYZER_NUMBER_OBJECT_CONVERSION = YES_AGGRESSIVE;
				CLANG_CXX_LANGUAGE_STANDARD = "gnu++14";
				CLANG_CXX_LIBRARY = "libc++";
				CLANG_ENABLE_MODULES = YES;
				CLANG_ENABLE_OBJC_ARC = YES;
				CLANG_ENABLE_OBJC_WEAK = YES;
				CLANG_WARN_BLOCK_CAPTURE_AUTORELEASING = YES;
				CLANG_WARN_BOOL_CONVERSION = YES;
				CLANG_WARN_COMMA = YES;
				CLANG_WARN_CONSTANT_CONVERSION = YES;
				CLANG_WARN_DEPRECATED_OBJC_IMPLEMENTATIONS = YES;
				CLANG_WARN_DIRECT_OBJC_ISA_USAGE = YES_ERROR;
				CLANG_WARN_DOCUMENTATION_COMMENTS = YES;
				CLANG_WARN_EMPTY_BODY = YES;
				CLANG_WARN_ENUM_CONVERSION = YES;
				CLANG_WARN_INFINITE_RECURSION = YES;
				CLANG_WARN_INT_CONVERSION = YES;
				CLANG_WARN_NON_LITERAL_NULL_CONVERSION = YES;
				CLANG_WARN_OBJC_IMPLICIT_RETAIN_SELF = YES;
				CLANG_WARN_OBJC_LITERAL_CONVERSION = YES;
				CLANG_WARN_OBJC_ROOT_CLASS = YES_ERROR;
				CLANG_WARN_RANGE_LOOP_ANALYSIS = YES;
				CLANG_WARN_STRICT_PROTOTYPES = YES;
				CLANG_WARN_SUSPICIOUS_MOVE = YES;
				CLANG_WARN_UNGUARDED_AVAILABILITY = YES_AGGRESSIVE;
				CLANG_WARN_UNREACHABLE_CODE = YES;
				CLANG_WARN__DUPLICATE_METHOD_MATCH = YES;
				CODE_SIGN_IDENTITY = "iPhone Developer";
				COPY_PHASE_STRIP = NO;
				DEBUG_INFORMATION_FORMAT = "dwarf-with-dsym";
				ENABLE_NS_ASSERTIONS = NO;
				ENABLE_STRICT_OBJC_MSGSEND = YES;
				GCC_C_LANGUAGE_STANDARD = gnu11;
				GCC_NO_COMMON_BLOCKS = YES;
				GCC_WARN_64_TO_32_BIT_CONVERSION = YES;
				GCC_WARN_ABOUT_RETURN_TYPE = YES_ERROR;
				GCC_WARN_UNDECLARED_SELECTOR = YES;
				GCC_WARN_UNINITIALIZED_AUTOS = YES_AGGRESSIVE;
				GCC_WARN_UNUSED_FUNCTION = YES;
				GCC_WARN_UNUSED_VARIABLE = YES;
				IPHONEOS_DEPLOYMENT_TARGET = 12.2;
				MTL_ENABLE_DEBUG_INFO = NO;
				MTL_FAST_MATH = YES;
				SDKROOT = iphoneos;
				SWIFT_COMPILATION_MODE = wholemodule;
				SWIFT_OPTIMIZATION_LEVEL = "-O";
				VALIDATE_PRODUCT = YES;
			};
			name = Release;
		};
		CD9F4379226FE46C009A1C02 /* Debug */ = {
			isa = XCBuildConfiguration;
			buildSettings = {
				ASSETCATALOG_COMPILER_APPICON_NAME = AppIcon;
				CODE_SIGN_STYLE = Automatic;
				DEVELOPMENT_TEAM = 7L4R5XZ9ZH;
				INFOPLIST_FILE = BTG/Info.plist;
				LD_RUNPATH_SEARCH_PATHS = (
					"$(inherited)",
					"@executable_path/Frameworks",
				);
				PRODUCT_BUNDLE_IDENTIFIER = com.quenca.BTG;
				PRODUCT_NAME = "$(TARGET_NAME)";
				SWIFT_VERSION = 5.0;
				TARGETED_DEVICE_FAMILY = "1,2";
			};
			name = Debug;
		};
		CD9F437A226FE46C009A1C02 /* Release */ = {
			isa = XCBuildConfiguration;
			buildSettings = {
				ASSETCATALOG_COMPILER_APPICON_NAME = AppIcon;
				CODE_SIGN_STYLE = Automatic;
				DEVELOPMENT_TEAM = 7L4R5XZ9ZH;
				INFOPLIST_FILE = BTG/Info.plist;
				LD_RUNPATH_SEARCH_PATHS = (
					"$(inherited)",
					"@executable_path/Frameworks",
				);
				PRODUCT_BUNDLE_IDENTIFIER = com.quenca.BTG;
				PRODUCT_NAME = "$(TARGET_NAME)";
				SWIFT_VERSION = 5.0;
				TARGETED_DEVICE_FAMILY = "1,2";
			};
			name = Release;
		};
		CD9F437C226FE46C009A1C02 /* Debug */ = {
			isa = XCBuildConfiguration;
			buildSettings = {
				ALWAYS_EMBED_SWIFT_STANDARD_LIBRARIES = YES;
				BUNDLE_LOADER = "$(TEST_HOST)";
				CODE_SIGN_STYLE = Automatic;
				DEVELOPMENT_TEAM = 7L4R5XZ9ZH;
				INFOPLIST_FILE = BTGTests/Info.plist;
				LD_RUNPATH_SEARCH_PATHS = (
					"$(inherited)",
					"@executable_path/Frameworks",
					"@loader_path/Frameworks",
				);
				PRODUCT_BUNDLE_IDENTIFIER = com.quenca.BTGTests;
				PRODUCT_NAME = "$(TARGET_NAME)";
				SWIFT_VERSION = 5.0;
				TARGETED_DEVICE_FAMILY = "1,2";
				TEST_HOST = "$(BUILT_PRODUCTS_DIR)/BTG.app/BTG";
			};
			name = Debug;
		};
		CD9F437D226FE46C009A1C02 /* Release */ = {
			isa = XCBuildConfiguration;
			buildSettings = {
				ALWAYS_EMBED_SWIFT_STANDARD_LIBRARIES = YES;
				BUNDLE_LOADER = "$(TEST_HOST)";
				CODE_SIGN_STYLE = Automatic;
				DEVELOPMENT_TEAM = 7L4R5XZ9ZH;
				INFOPLIST_FILE = BTGTests/Info.plist;
				LD_RUNPATH_SEARCH_PATHS = (
					"$(inherited)",
					"@executable_path/Frameworks",
					"@loader_path/Frameworks",
				);
				PRODUCT_BUNDLE_IDENTIFIER = com.quenca.BTGTests;
				PRODUCT_NAME = "$(TARGET_NAME)";
				SWIFT_VERSION = 5.0;
				TARGETED_DEVICE_FAMILY = "1,2";
				TEST_HOST = "$(BUILT_PRODUCTS_DIR)/BTG.app/BTG";
			};
			name = Release;
		};
		CD9F437F226FE46C009A1C02 /* Debug */ = {
			isa = XCBuildConfiguration;
			buildSettings = {
				ALWAYS_EMBED_SWIFT_STANDARD_LIBRARIES = YES;
				CODE_SIGN_STYLE = Automatic;
				DEVELOPMENT_TEAM = 7L4R5XZ9ZH;
				INFOPLIST_FILE = BTGUITests/Info.plist;
				LD_RUNPATH_SEARCH_PATHS = (
					"$(inherited)",
					"@executable_path/Frameworks",
					"@loader_path/Frameworks",
				);
				PRODUCT_BUNDLE_IDENTIFIER = com.quenca.BTGUITests;
				PRODUCT_NAME = "$(TARGET_NAME)";
				SWIFT_VERSION = 5.0;
				TARGETED_DEVICE_FAMILY = "1,2";
				TEST_TARGET_NAME = BTG;
			};
			name = Debug;
		};
		CD9F4380226FE46C009A1C02 /* Release */ = {
			isa = XCBuildConfiguration;
			buildSettings = {
				ALWAYS_EMBED_SWIFT_STANDARD_LIBRARIES = YES;
				CODE_SIGN_STYLE = Automatic;
				DEVELOPMENT_TEAM = 7L4R5XZ9ZH;
				INFOPLIST_FILE = BTGUITests/Info.plist;
				LD_RUNPATH_SEARCH_PATHS = (
					"$(inherited)",
					"@executable_path/Frameworks",
					"@loader_path/Frameworks",
				);
				PRODUCT_BUNDLE_IDENTIFIER = com.quenca.BTGUITests;
				PRODUCT_NAME = "$(TARGET_NAME)";
				SWIFT_VERSION = 5.0;
				TARGETED_DEVICE_FAMILY = "1,2";
				TEST_TARGET_NAME = BTG;
			};
			name = Release;
		};
/* End XCBuildConfiguration section */

/* Begin XCConfigurationList section */
		CD9F4348226FE46B009A1C02 /* Build configuration list for PBXProject "BTG" */ = {
			isa = XCConfigurationList;
			buildConfigurations = (
				CD9F4376226FE46C009A1C02 /* Debug */,
				CD9F4377226FE46C009A1C02 /* Release */,
			);
			defaultConfigurationIsVisible = 0;
			defaultConfigurationName = Release;
		};
		CD9F4378226FE46C009A1C02 /* Build configuration list for PBXNativeTarget "BTG" */ = {
			isa = XCConfigurationList;
			buildConfigurations = (
				CD9F4379226FE46C009A1C02 /* Debug */,
				CD9F437A226FE46C009A1C02 /* Release */,
			);
			defaultConfigurationIsVisible = 0;
			defaultConfigurationName = Release;
		};
		CD9F437B226FE46C009A1C02 /* Build configuration list for PBXNativeTarget "BTGTests" */ = {
			isa = XCConfigurationList;
			buildConfigurations = (
				CD9F437C226FE46C009A1C02 /* Debug */,
				CD9F437D226FE46C009A1C02 /* Release */,
			);
			defaultConfigurationIsVisible = 0;
			defaultConfigurationName = Release;
		};
		CD9F437E226FE46C009A1C02 /* Build configuration list for PBXNativeTarget "BTGUITests" */ = {
			isa = XCConfigurationList;
			buildConfigurations = (
				CD9F437F226FE46C009A1C02 /* Debug */,
				CD9F4380226FE46C009A1C02 /* Release */,
			);
			defaultConfigurationIsVisible = 0;
			defaultConfigurationName = Release;
		};
/* End XCConfigurationList section */

/* Begin XCVersionGroup section */
		CD9F4357226FE46B009A1C02 /* BTG.xcdatamodeld */ = {
			isa = XCVersionGroup;
			children = (
				CD9F4358226FE46B009A1C02 /* BTG.xcdatamodel */,
			);
			currentVersion = CD9F4358226FE46B009A1C02 /* BTG.xcdatamodel */;
			path = BTG.xcdatamodeld;
			sourceTree = "<group>";
			versionGroupType = wrapper.xcdatamodel;
		};
/* End XCVersionGroup section */
	};
	rootObject = CD9F4345226FE46B009A1C02 /* Project object */;
}
